
Microsoft Visual Studio Solution File, Format Version 12.00
# Visual Studio 15
VisualStudioVersion = 15.0.26014.0
MinimumVisualStudioVersion = 10.0.40219.1
Project("{FAE04EC0-301F-11D3-BF4B-00C04F79EFBC}") = "Simulator.Coordinator", "SimulatorCoordinator\Simulator.Coordinator.csproj", "{7454F9FD-ACF2-4739-9A6E-4A249FCDC863}"
EndProject
Project("{FAE04EC0-301F-11D3-BF4B-00C04F79EFBC}") = "Simulator.Tests", "Simulator.Tests\Simulator.Tests.csproj", "{F15BC7D2-529C-4436-9C11-27A43C191DE9}"
EndProject
Project("{FAE04EC0-301F-11D3-BF4B-00C04F79EFBC}") = "Simulator.Messages", "Simulator.Messages\Simulator.Messages.csproj", "{678CB5A5-A2B6-40A3-B326-A6D19B97AB8F}"
EndProject
Project("{FAE04EC0-301F-11D3-BF4B-00C04F79EFBC}") = "Simulator.TechnologyA", "Simulator.TechnologyA\Simulator.TechnologyA.csproj", "{D11A25CF-3C03-4FF7-9C2F-AF2BE6B56D09}"
EndProject
Project("{9A19103F-16F7-4668-BE54-9A1E7A4F7556}") = "Simulator.FrontEnd", "Simulator.FrontEnd\Simulator.FrontEnd.csproj", "{CD7FC767-06ED-4333-A39B-D7A3D34D0754}"
EndProject
Project("{FAE04EC0-301F-11D3-BF4B-00C04F79EFBC}") = "SimulatorCoordintaor.SignalR.Host", "SimulatorCoordintaor.SignalR.Host\SimulatorCoordintaor.SignalR.Host.csproj", "{4C878596-2620-4FA8-97D9-77E4E6D99E27}"
EndProject
Project("{9A19103F-16F7-4668-BE54-9A1E7A4F7556}") = "Simulator.Infrastructure", "Simulator.Infrastructure\Simulator.Infrastructure.csproj", "{6481A228-BF17-47D7-9508-C2A012C4F704}"
EndProject
Project("{9A19103F-16F7-4668-BE54-9A1E7A4F7556}") = "Simulator.Coordinator.Core", "Simulator.Coordinator.Core\Simulator.Coordinator.Core.csproj", "{AB4A61FB-A300-45B7-BF76-6AEB44043E9B}"
EndProject
Global
	GlobalSection(SolutionConfigurationPlatforms) = preSolution
		Debug|Any CPU = Debug|Any CPU
		Debug|x64 = Debug|x64
		Debug|x86 = Debug|x86
		Release|Any CPU = Release|Any CPU
		Release|x64 = Release|x64
		Release|x86 = Release|x86
	EndGlobalSection
	GlobalSection(ProjectConfigurationPlatforms) = postSolution
		{7454F9FD-ACF2-4739-9A6E-4A249FCDC863}.Debug|Any CPU.ActiveCfg = Debug|Any CPU
		{7454F9FD-ACF2-4739-9A6E-4A249FCDC863}.Debug|Any CPU.Build.0 = Debug|Any CPU
		{7454F9FD-ACF2-4739-9A6E-4A249FCDC863}.Debug|x64.ActiveCfg = Debug|Any CPU
		{7454F9FD-ACF2-4739-9A6E-4A249FCDC863}.Debug|x64.Build.0 = Debug|Any CPU
		{7454F9FD-ACF2-4739-9A6E-4A249FCDC863}.Debug|x86.ActiveCfg = Debug|Any CPU
		{7454F9FD-ACF2-4739-9A6E-4A249FCDC863}.Debug|x86.Build.0 = Debug|Any CPU
		{7454F9FD-ACF2-4739-9A6E-4A249FCDC863}.Release|Any CPU.ActiveCfg = Release|Any CPU
		{7454F9FD-ACF2-4739-9A6E-4A249FCDC863}.Release|Any CPU.Build.0 = Release|Any CPU
		{7454F9FD-ACF2-4739-9A6E-4A249FCDC863}.Release|x64.ActiveCfg = Release|Any CPU
		{7454F9FD-ACF2-4739-9A6E-4A249FCDC863}.Release|x64.Build.0 = Release|Any CPU
		{7454F9FD-ACF2-4739-9A6E-4A249FCDC863}.Release|x86.ActiveCfg = Release|Any CPU
		{7454F9FD-ACF2-4739-9A6E-4A249FCDC863}.Release|x86.Build.0 = Release|Any CPU
		{F15BC7D2-529C-4436-9C11-27A43C191DE9}.Debug|Any CPU.ActiveCfg = Debug|Any CPU
		{F15BC7D2-529C-4436-9C11-27A43C191DE9}.Debug|Any CPU.Build.0 = Debug|Any CPU
		{F15BC7D2-529C-4436-9C11-27A43C191DE9}.Debug|x64.ActiveCfg = Debug|Any CPU
		{F15BC7D2-529C-4436-9C11-27A43C191DE9}.Debug|x64.Build.0 = Debug|Any CPU
		{F15BC7D2-529C-4436-9C11-27A43C191DE9}.Debug|x86.ActiveCfg = Debug|Any CPU
		{F15BC7D2-529C-4436-9C11-27A43C191DE9}.Debug|x86.Build.0 = Debug|Any CPU
		{F15BC7D2-529C-4436-9C11-27A43C191DE9}.Release|Any CPU.ActiveCfg = Release|Any CPU
		{F15BC7D2-529C-4436-9C11-27A43C191DE9}.Release|Any CPU.Build.0 = Release|Any CPU
		{F15BC7D2-529C-4436-9C11-27A43C191DE9}.Release|x64.ActiveCfg = Release|Any CPU
		{F15BC7D2-529C-4436-9C11-27A43C191DE9}.Release|x64.Build.0 = Release|Any CPU
		{F15BC7D2-529C-4436-9C11-27A43C191DE9}.Release|x86.ActiveCfg = Release|Any CPU
		{F15BC7D2-529C-4436-9C11-27A43C191DE9}.Release|x86.Build.0 = Release|Any CPU
		{678CB5A5-A2B6-40A3-B326-A6D19B97AB8F}.Debug|Any CPU.ActiveCfg = Debug|Any CPU
		{678CB5A5-A2B6-40A3-B326-A6D19B97AB8F}.Debug|Any CPU.Build.0 = Debug|Any CPU
		{678CB5A5-A2B6-40A3-B326-A6D19B97AB8F}.Debug|x64.ActiveCfg = Debug|Any CPU
		{678CB5A5-A2B6-40A3-B326-A6D19B97AB8F}.Debug|x64.Build.0 = Debug|Any CPU
		{678CB5A5-A2B6-40A3-B326-A6D19B97AB8F}.Debug|x86.ActiveCfg = Debug|Any CPU
		{678CB5A5-A2B6-40A3-B326-A6D19B97AB8F}.Debug|x86.Build.0 = Debug|Any CPU
		{678CB5A5-A2B6-40A3-B326-A6D19B97AB8F}.Release|Any CPU.ActiveCfg = Release|Any CPU
		{678CB5A5-A2B6-40A3-B326-A6D19B97AB8F}.Release|Any CPU.Build.0 = Release|Any CPU
		{678CB5A5-A2B6-40A3-B326-A6D19B97AB8F}.Release|x64.ActiveCfg = Release|Any CPU
		{678CB5A5-A2B6-40A3-B326-A6D19B97AB8F}.Release|x64.Build.0 = Release|Any CPU
		{678CB5A5-A2B6-40A3-B326-A6D19B97AB8F}.Release|x86.ActiveCfg = Release|Any CPU
		{678CB5A5-A2B6-40A3-B326-A6D19B97AB8F}.Release|x86.Build.0 = Release|Any CPU
		{D11A25CF-3C03-4FF7-9C2F-AF2BE6B56D09}.Debug|Any CPU.ActiveCfg = Debug|Any CPU
		{D11A25CF-3C03-4FF7-9C2F-AF2BE6B56D09}.Debug|Any CPU.Build.0 = Debug|Any CPU
		{D11A25CF-3C03-4FF7-9C2F-AF2BE6B56D09}.Debug|x64.ActiveCfg = Debug|Any CPU
		{D11A25CF-3C03-4FF7-9C2F-AF2BE6B56D09}.Debug|x64.Build.0 = Debug|Any CPU
		{D11A25CF-3C03-4FF7-9C2F-AF2BE6B56D09}.Debug|x86.ActiveCfg = Debug|Any CPU
		{D11A25CF-3C03-4FF7-9C2F-AF2BE6B56D09}.Debug|x86.Build.0 = Debug|Any CPU
		{D11A25CF-3C03-4FF7-9C2F-AF2BE6B56D09}.Release|Any CPU.ActiveCfg = Release|Any CPU
		{D11A25CF-3C03-4FF7-9C2F-AF2BE6B56D09}.Release|Any CPU.Build.0 = Release|Any CPU
		{D11A25CF-3C03-4FF7-9C2F-AF2BE6B56D09}.Release|x64.ActiveCfg = Release|Any CPU
		{D11A25CF-3C03-4FF7-9C2F-AF2BE6B56D09}.Release|x64.Build.0 = Release|Any CPU
		{D11A25CF-3C03-4FF7-9C2F-AF2BE6B56D09}.Release|x86.ActiveCfg = Release|Any CPU
		{D11A25CF-3C03-4FF7-9C2F-AF2BE6B56D09}.Release|x86.Build.0 = Release|Any CPU
		{CD7FC767-06ED-4333-A39B-D7A3D34D0754}.Debug|Any CPU.ActiveCfg = Debug|Any CPU
		{CD7FC767-06ED-4333-A39B-D7A3D34D0754}.Debug|Any CPU.Build.0 = Debug|Any CPU
		{CD7FC767-06ED-4333-A39B-D7A3D34D0754}.Debug|x64.ActiveCfg = Debug|Any CPU
		{CD7FC767-06ED-4333-A39B-D7A3D34D0754}.Debug|x64.Build.0 = Debug|Any CPU
		{CD7FC767-06ED-4333-A39B-D7A3D34D0754}.Debug|x86.ActiveCfg = Debug|Any CPU
		{CD7FC767-06ED-4333-A39B-D7A3D34D0754}.Debug|x86.Build.0 = Debug|Any CPU
		{CD7FC767-06ED-4333-A39B-D7A3D34D0754}.Release|Any CPU.ActiveCfg = Release|Any CPU
		{CD7FC767-06ED-4333-A39B-D7A3D34D0754}.Release|Any CPU.Build.0 = Release|Any CPU
		{CD7FC767-06ED-4333-A39B-D7A3D34D0754}.Release|x64.ActiveCfg = Release|Any CPU
		{CD7FC767-06ED-4333-A39B-D7A3D34D0754}.Release|x64.Build.0 = Release|Any CPU
		{CD7FC767-06ED-4333-A39B-D7A3D34D0754}.Release|x86.ActiveCfg = Release|Any CPU
		{CD7FC767-06ED-4333-A39B-D7A3D34D0754}.Release|x86.Build.0 = Release|Any CPU
		{4C878596-2620-4FA8-97D9-77E4E6D99E27}.Debug|Any CPU.ActiveCfg = Debug|Any CPU
		{4C878596-2620-4FA8-97D9-77E4E6D99E27}.Debug|Any CPU.Build.0 = Debug|Any CPU
		{4C878596-2620-4FA8-97D9-77E4E6D99E27}.Debug|x64.ActiveCfg = Debug|Any CPU
		{4C878596-2620-4FA8-97D9-77E4E6D99E27}.Debug|x64.Build.0 = Debug|Any CPU
		{4C878596-2620-4FA8-97D9-77E4E6D99E27}.Debug|x86.ActiveCfg = Debug|Any CPU
		{4C878596-2620-4FA8-97D9-77E4E6D99E27}.Debug|x86.Build.0 = Debug|Any CPU
		{4C878596-2620-4FA8-97D9-77E4E6D99E27}.Release|Any CPU.ActiveCfg = Release|Any CPU
		{4C878596-2620-4FA8-97D9-77E4E6D99E27}.Release|Any CPU.Build.0 = Release|Any CPU
		{4C878596-2620-4FA8-97D9-77E4E6D99E27}.Release|x64.ActiveCfg = Release|Any CPU
		{4C878596-2620-4FA8-97D9-77E4E6D99E27}.Release|x64.Build.0 = Release|Any CPU
		{4C878596-2620-4FA8-97D9-77E4E6D99E27}.Release|x86.ActiveCfg = Release|Any CPU
		{4C878596-2620-4FA8-97D9-77E4E6D99E27}.Release|x86.Build.0 = Release|Any CPU
		{6481A228-BF17-47D7-9508-C2A012C4F704}.Debug|Any CPU.ActiveCfg = Debug|Any CPU
		{6481A228-BF17-47D7-9508-C2A012C4F704}.Debug|Any CPU.Build.0 = Debug|Any CPU
		{6481A228-BF17-47D7-9508-C2A012C4F704}.Debug|x64.ActiveCfg = Debug|Any CPU
		{6481A228-BF17-47D7-9508-C2A012C4F704}.Debug|x64.Build.0 = Debug|Any CPU
		{6481A228-BF17-47D7-9508-C2A012C4F704}.Debug|x86.ActiveCfg = Debug|Any CPU
		{6481A228-BF17-47D7-9508-C2A012C4F704}.Debug|x86.Build.0 = Debug|Any CPU
		{6481A228-BF17-47D7-9508-C2A012C4F704}.Release|Any CPU.ActiveCfg = Release|Any CPU
		{6481A228-BF17-47D7-9508-C2A012C4F704}.Release|Any CPU.Build.0 = Release|Any CPU
		{6481A228-BF17-47D7-9508-C2A012C4F704}.Release|x64.ActiveCfg = Release|Any CPU
		{6481A228-BF17-47D7-9508-C2A012C4F704}.Release|x64.Build.0 = Release|Any CPU
		{6481A228-BF17-47D7-9508-C2A012C4F704}.Release|x86.ActiveCfg = Release|Any CPU
		{6481A228-BF17-47D7-9508-C2A012C4F704}.Release|x86.Build.0 = Release|Any CPU
		{AB4A61FB-A300-45B7-BF76-6AEB44043E9B}.Debug|Any CPU.ActiveCfg = Debug|Any CPU
		{AB4A61FB-A300-45B7-BF76-6AEB44043E9B}.Debug|Any CPU.Build.0 = Debug|Any CPU
		{AB4A61FB-A300-45B7-BF76-6AEB44043E9B}.Debug|x64.ActiveCfg = Debug|Any CPU
		{AB4A61FB-A300-45B7-BF76-6AEB44043E9B}.Debug|x64.Build.0 = Debug|Any CPU
		{AB4A61FB-A300-45B7-BF76-6AEB44043E9B}.Debug|x86.ActiveCfg = Debug|Any CPU
		{AB4A61FB-A300-45B7-BF76-6AEB44043E9B}.Debug|x86.Build.0 = Debug|Any CPU
		{AB4A61FB-A300-45B7-BF76-6AEB44043E9B}.Release|Any CPU.ActiveCfg = Release|Any CPU
		{AB4A61FB-A300-45B7-BF76-6AEB44043E9B}.Release|Any CPU.Build.0 = Release|Any CPU
		{AB4A61FB-A300-45B7-BF76-6AEB44043E9B}.Release|x64.ActiveCfg = Release|Any CPU
		{AB4A61FB-A300-45B7-BF76-6AEB44043E9B}.Release|x64.Build.0 = Release|Any CPU
		{AB4A61FB-A300-45B7-BF76-6AEB44043E9B}.Release|x86.ActiveCfg = Release|Any CPU
		{AB4A61FB-A300-45B7-BF76-6AEB44043E9B}.Release|x86.Build.0 = Release|Any CPU
	EndGlobalSection
	GlobalSection(SolutionProperties) = preSolution
		HideSolutionNode = FALSE
	EndGlobalSection
	GlobalSection(ExtensibilityGlobals) = postSolution
		SolutionGuid = {055FEDD0-8FB0-410E-B252-CEA63919056A}
	EndGlobalSection
EndGlobal
